
Microsoft Visual Studio Solution File, Format Version 12.00
# Visual Studio Version 17
VisualStudioVersion = 17.8.34330.188
MinimumVisualStudioVersion = 10.0.40219.1
Project("{FAE04EC0-301F-11D3-BF4B-00C04F79EFBC}") = "wipbot", "wipbot\wipbot.csproj", "{843BA091-FEFE-41EE-A7BF-8528551450E8}"
EndProject
Global
	GlobalSection(SolutionConfigurationPlatforms) = preSolution
		Debug|Any CPU = Debug|Any CPU
		Release|Any CPU = Release|Any CPU
	EndGlobalSection
	GlobalSection(ProjectConfigurationPlatforms) = postSolution
		{843BA091-FEFE-41EE-A7BF-8528551450E8}.Debug|Any CPU.ActiveCfg = Debug|Any CPU
		{843BA091-FEFE-41EE-A7BF-8528551450E8}.Debug|Any CPU.Build.0 = Debug|Any CPU
		{843BA091-FEFE-41EE-A7BF-8528551450E8}.Release|Any CPU.ActiveCfg = Release|Any CPU
		{843BA091-FEFE-41EE-A7BF-8528551450E8}.Release|Any CPU.Build.0 = Release|Any CPU
	EndGlobalSection
	GlobalSection(SolutionProperties) = preSolution
		HideSolutionNode = FALSE
	EndGlobalSection
	GlobalSection(ExtensibilityGlobals) = postSolution
		SolutionGuid = {FAFF606C-C42D-4D42-9A9C-30D222E3871A}
	EndGlobalSection
EndGlobal
